Microsoft Visual Studio Solution File, Format Version 12.00
# Visual Studio Version 16
VisualStudioVersion = 16.0.0.0
MinimumVisualStudioVersion = 16.0.0.0
Project("{9A19103F-16F7-4668-BE54-9A1E7A4F7556}") = "Peliculas.Server", "Server\Peliculas.Server.csproj", "{66EA9905-2DF7-417D-9738-55EDC7FA49D0}"
EndProject
Project("{9A19103F-16F7-4668-BE54-9A1E7A4F7556}") = "Peliculas.Client", "Client\Peliculas.Client.csproj", "{E35A0BB4-80B7-415E-A7BF-746E08A65A90}"
EndProject
Project("{9A19103F-16F7-4668-BE54-9A1E7A4F7556}") = "Peliculas.Shared", "Shared\Peliculas.Shared.csproj", "{A7E17B26-EDD2-414E-A3AD-3F792308702E}"
EndProject
Global
	GlobalSection(SolutionConfigurationPlatforms) = preSolution
		Debug|Any CPU = Debug|Any CPU
		Debug|x64 = Debug|x64
		Debug|x86 = Debug|x86
		Release|Any CPU = Release|Any CPU
		Release|x64 = Release|x64
		Release|x86 = Release|x86
	EndGlobalSection
	GlobalSection(ProjectConfigurationPlatforms) = postSolution
		{E35A0BB4-80B7-415E-A7BF-746E08A65A90}.Debug|Any CPU.ActiveCfg = Debug|Any CPU
		{E35A0BB4-80B7-415E-A7BF-746E08A65A90}.Debug|Any CPU.Build.0 = Debug|Any CPU
		{E35A0BB4-80B7-415E-A7BF-746E08A65A90}.Debug|x64.ActiveCfg = Debug|Any CPU
		{E35A0BB4-80B7-415E-A7BF-746E08A65A90}.Debug|x64.Build.0 = Debug|Any CPU
		{E35A0BB4-80B7-415E-A7BF-746E08A65A90}.Debug|x86.ActiveCfg = Debug|Any CPU
		{E35A0BB4-80B7-415E-A7BF-746E08A65A90}.Debug|x86.Build.0 = Debug|Any CPU
		{E35A0BB4-80B7-415E-A7BF-746E08A65A90}.Release|Any CPU.ActiveCfg = Release|Any CPU
		{E35A0BB4-80B7-415E-A7BF-746E08A65A90}.Release|Any CPU.Build.0 = Release|Any CPU
		{E35A0BB4-80B7-415E-A7BF-746E08A65A90}.Release|x64.ActiveCfg = Release|Any CPU
		{E35A0BB4-80B7-415E-A7BF-746E08A65A90}.Release|x64.Build.0 = Release|Any CPU
		{E35A0BB4-80B7-415E-A7BF-746E08A65A90}.Release|x86.ActiveCfg = Release|Any CPU
		{E35A0BB4-80B7-415E-A7BF-746E08A65A90}.Release|x86.Build.0 = Release|Any CPU
		{66EA9905-2DF7-417D-9738-55EDC7FA49D0}.Debug|Any CPU.ActiveCfg = Debug|Any CPU
		{66EA9905-2DF7-417D-9738-55EDC7FA49D0}.Debug|Any CPU.Build.0 = Debug|Any CPU
		{66EA9905-2DF7-417D-9738-55EDC7FA49D0}.Debug|x64.ActiveCfg = Debug|Any CPU
		{66EA9905-2DF7-417D-9738-55EDC7FA49D0}.Debug|x64.Build.0 = Debug|Any CPU
		{66EA9905-2DF7-417D-9738-55EDC7FA49D0}.Debug|x86.ActiveCfg = Debug|Any CPU
		{66EA9905-2DF7-417D-9738-55EDC7FA49D0}.Debug|x86.Build.0 = Debug|Any CPU
		{66EA9905-2DF7-417D-9738-55EDC7FA49D0}.Release|Any CPU.ActiveCfg = Release|Any CPU
		{66EA9905-2DF7-417D-9738-55EDC7FA49D0}.Release|Any CPU.Build.0 = Release|Any CPU
		{66EA9905-2DF7-417D-9738-55EDC7FA49D0}.Release|x64.ActiveCfg = Release|Any CPU
		{66EA9905-2DF7-417D-9738-55EDC7FA49D0}.Release|x64.Build.0 = Release|Any CPU
		{66EA9905-2DF7-417D-9738-55EDC7FA49D0}.Release|x86.ActiveCfg = Release|Any CPU
		{66EA9905-2DF7-417D-9738-55EDC7FA49D0}.Release|x86.Build.0 = Release|Any CPU
		{A7E17B26-EDD2-414E-A3AD-3F792308702E}.Debug|Any CPU.ActiveCfg = Debug|Any CPU
		{A7E17B26-EDD2-414E-A3AD-3F792308702E}.Debug|Any CPU.Build.0 = Debug|Any CPU
		{A7E17B26-EDD2-414E-A3AD-3F792308702E}.Debug|x64.ActiveCfg = Debug|Any CPU
		{A7E17B26-EDD2-414E-A3AD-3F792308702E}.Debug|x64.Build.0 = Debug|Any CPU
		{A7E17B26-EDD2-414E-A3AD-3F792308702E}.Debug|x86.ActiveCfg = Debug|Any CPU
		{A7E17B26-EDD2-414E-A3AD-3F792308702E}.Debug|x86.Build.0 = Debug|Any CPU
		{A7E17B26-EDD2-414E-A3AD-3F792308702E}.Release|Any CPU.ActiveCfg = Release|Any CPU
		{A7E17B26-EDD2-414E-A3AD-3F792308702E}.Release|Any CPU.Build.0 = Release|Any CPU
		{A7E17B26-EDD2-414E-A3AD-3F792308702E}.Release|x64.ActiveCfg = Release|Any CPU
		{A7E17B26-EDD2-414E-A3AD-3F792308702E}.Release|x64.Build.0 = Release|Any CPU
		{A7E17B26-EDD2-414E-A3AD-3F792308702E}.Release|x86.ActiveCfg = Release|Any CPU
		{A7E17B26-EDD2-414E-A3AD-3F792308702E}.Release|x86.Build.0 = Release|Any CPU
	EndGlobalSection
	GlobalSection(SolutionProperties) = preSolution
		HideSolutionNode = FALSE
	EndGlobalSection
	GlobalSection(ExtensibilityGlobals) = postSolution
		SolutionGuid = {376F3D79-A36C-4E97-858D-BD252CEBA1A3}
	EndGlobalSection
EndGlobal